// !$*UTF8*$!
{
	archiveVersion = 1;
	classes = {
	};
	objectVersion = 46;
	objects = {

/* Begin PBXBuildFile section */
		323426D81D8597D400A610CD /* AppDelegate.swift in Sources */ = {isa = PBXBuildFile; fileRef = 323426D71D8597D400A610CD /* AppDelegate.swift */; };
		323426DA1D8597D400A610CD /* ViewController.swift in Sources */ = {isa = PBXBuildFile; fileRef = 323426D91D8597D400A610CD /* ViewController.swift */; };
		323426DD1D8597D400A610CD /* Main.storyboard in Resources */ = {isa = PBXBuildFile; fileRef = 323426DB1D8597D400A610CD /* Main.storyboard */; };
		323426DF1D8597D400A610CD /* Assets.xcassets in Resources */ = {isa = PBXBuildFile; fileRef = 323426DE1D8597D400A610CD /* Assets.xcassets */; };
		323426E21D8597D400A610CD /* LaunchScreen.storyboard in Resources */ = {isa = PBXBuildFile; fileRef = 323426E01D8597D400A610CD /* LaunchScreen.storyboard */; };
		323426ED1D8597D400A610CD /* OneboyonegirlTests.swift in Sources */ = {isa = PBXBuildFile; fileRef = 323426EC1D8597D400A610CD /* OneboyonegirlTests.swift */; };
		323426F81D8597D400A610CD /* OneboyonegirlUITests.swift in Sources */ = {isa = PBXBuildFile; fileRef = 323426F71D8597D400A610CD /* OneboyonegirlUITests.swift */; };
		327012701D8EEA5D00AF55E7 /* HistoryCell.swift in Sources */ = {isa = PBXBuildFile; fileRef = 3270126F1D8EEA5D00AF55E7 /* HistoryCell.swift */; };
		32B505871D85ACAB0096F85A /* HistoryTVC.swift in Sources */ = {isa = PBXBuildFile; fileRef = 32B505861D85ACAB0096F85A /* HistoryTVC.swift */; };
		BE743BB01DA8F9F6002AC282 /* 2.png in Resources */ = {isa = PBXBuildFile; fileRef = BE743B801DA8F9F6002AC282 /* 2.png */; };
		BE743BB11DA8F9F6002AC282 /* 3.png in Resources */ = {isa = PBXBuildFile; fileRef = BE743B811DA8F9F6002AC282 /* 3.png */; };
		BE743BB21DA8F9F6002AC282 /* 4-2.png in Resources */ = {isa = PBXBuildFile; fileRef = BE743B821DA8F9F6002AC282 /* 4-2.png */; };
		BE743BB31DA8F9F6002AC282 /* 4.png in Resources */ = {isa = PBXBuildFile; fileRef = BE743B831DA8F9F6002AC282 /* 4.png */; };
		BE743BB41DA8F9F6002AC282 /* color.txt in Resources */ = {isa = PBXBuildFile; fileRef = BE743B841DA8F9F6002AC282 /* color.txt */; };
		BE743BB51DA8F9F6002AC282 /* back.png in Resources */ = {isa = PBXBuildFile; fileRef = BE743B871DA8F9F6002AC282 /* back.png */; };
		BE743BB61DA8F9F6002AC282 /* boy.png in Resources */ = {isa = PBXBuildFile; fileRef = BE743B881DA8F9F6002AC282 /* boy.png */; };
		BE743BB71DA8F9F6002AC282 /* girl.png in Resources */ = {isa = PBXBuildFile; fileRef = BE743B891DA8F9F6002AC282 /* girl.png */; };
		BE743BB81DA8F9F6002AC282 /* button_heart.png in Resources */ = {isa = PBXBuildFile; fileRef = BE743B8B1DA8F9F6002AC282 /* button_heart.png */; };
		BE743BB91DA8F9F6002AC282 /* line_0.png in Resources */ = {isa = PBXBuildFile; fileRef = BE743B8C1DA8F9F6002AC282 /* line_0.png */; };
		BE743BBA1DA8F9F6002AC282 /* line_1.png in Resources */ = {isa = PBXBuildFile; fileRef = BE743B8D1DA8F9F6002AC282 /* line_1.png */; };
		BE743BBB1DA8F9F6002AC282 /* line_2.png in Resources */ = {isa = PBXBuildFile; fileRef = BE743B8E1DA8F9F6002AC282 /* line_2.png */; };
		BE743BBC1DA8F9F6002AC282 /* line_3.png in Resources */ = {isa = PBXBuildFile; fileRef = BE743B8F1DA8F9F6002AC282 /* line_3.png */; };
		BE743BBD1DA8F9F6002AC282 /* rect_0.png in Resources */ = {isa = PBXBuildFile; fileRef = BE743B901DA8F9F6002AC282 /* rect_0.png */; };
		BE743BBE1DA8F9F6002AC282 /* rect_1.png in Resources */ = {isa = PBXBuildFile; fileRef = BE743B911DA8F9F6002AC282 /* rect_1.png */; };
		BE743BBF1DA8F9F6002AC282 /* rect_2.png in Resources */ = {isa = PBXBuildFile; fileRef = BE743B921DA8F9F6002AC282 /* rect_2.png */; };
		BE743BC01DA8F9F6002AC282 /* rect_3.png in Resources */ = {isa = PBXBuildFile; fileRef = BE743B931DA8F9F6002AC282 /* rect_3.png */; };
		BE743BC11DA8F9F6002AC282 /* boy.png in Resources */ = {isa = PBXBuildFile; fileRef = BE743B951DA8F9F6002AC282 /* boy.png */; };
		BE743BC21DA8F9F6002AC282 /* girl.png in Resources */ = {isa = PBXBuildFile; fileRef = BE743B961DA8F9F6002AC282 /* girl.png */; };
		BE743BC31DA8F9F6002AC282 /* heart_0.png in Resources */ = {isa = PBXBuildFile; fileRef = BE743B971DA8F9F6002AC282 /* heart_0.png */; };
		BE743BC41DA8F9F6002AC282 /* heart_1.png in Resources */ = {isa = PBXBuildFile; fileRef = BE743B981DA8F9F6002AC282 /* heart_1.png */; };
		BE743BC51DA8F9F6002AC282 /* heart_10.png in Resources */ = {isa = PBXBuildFile; fileRef = BE743B991DA8F9F6002AC282 /* heart_10.png */; };
		BE743BC61DA8F9F6002AC282 /* heart_2.png in Resources */ = {isa = PBXBuildFile; fileRef = BE743B9A1DA8F9F6002AC282 /* heart_2.png */; };
		BE743BC71DA8F9F6002AC282 /* heart_3.png in Resources */ = {isa = PBXBuildFile; fileRef = BE743B9B1DA8F9F6002AC282 /* heart_3.png */; };
		BE743BC81DA8F9F6002AC282 /* heart_4.png in Resources */ = {isa = PBXBuildFile; fileRef = BE743B9C1DA8F9F6002AC282 /* heart_4.png */; };
		BE743BC91DA8F9F6002AC282 /* heart_5.png in Resources */ = {isa = PBXBuildFile; fileRef = BE743B9D1DA8F9F6002AC282 /* heart_5.png */; };
		BE743BCA1DA8F9F6002AC282 /* heart_6.png in Resources */ = {isa = PBXBuildFile; fileRef = BE743B9E1DA8F9F6002AC282 /* heart_6.png */; };
		BE743BCB1DA8F9F6002AC282 /* heart_7.png in Resources */ = {isa = PBXBuildFile; fileRef = BE743B9F1DA8F9F6002AC282 /* heart_7.png */; };
		BE743BCC1DA8F9F6002AC282 /* heart_8.png in Resources */ = {isa = PBXBuildFile; fileRef = BE743BA01DA8F9F6002AC282 /* heart_8.png */; };
		BE743BCD1DA8F9F6002AC282 /* heart_9.png in Resources */ = {isa = PBXBuildFile; fileRef = BE743BA11DA8F9F6002AC282 /* heart_9.png */; };
		BE743BCE1DA8F9F6002AC282 /* icon_share_0.png in Resources */ = {isa = PBXBuildFile; fileRef = BE743BA21DA8F9F6002AC282 /* icon_share_0.png */; };
		BE743BCF1DA8F9F6002AC282 /* icon_share_1.png in Resources */ = {isa = PBXBuildFile; fileRef = BE743BA31DA8F9F6002AC282 /* icon_share_1.png */; };
		BE743BD01DA8F9F6002AC282 /* mail_back.png in Resources */ = {isa = PBXBuildFile; fileRef = BE743BA41DA8F9F6002AC282 /* mail_back.png */; };
		BE743BD11DA8F9F6002AC282 /* mail_front.png in Resources */ = {isa = PBXBuildFile; fileRef = BE743BA51DA8F9F6002AC282 /* mail_front.png */; };
		BE743BD21DA8F9F6002AC282 /* mail_middle.png in Resources */ = {isa = PBXBuildFile; fileRef = BE743BA61DA8F9F6002AC282 /* mail_middle.png */; };
		BE743BD31DA8F9F6002AC282 /* paper_back.png in Resources */ = {isa = PBXBuildFile; fileRef = BE743BA71DA8F9F6002AC282 /* paper_back.png */; };
		BE743BD41DA8F9F6002AC282 /* property_0_0.png in Resources */ = {isa = PBXBuildFile; fileRef = BE743BA91DA8F9F6002AC282 /* property_0_0.png */; };
		BE743BD51DA8F9F6002AC282 /* property_0_1.png in Resources */ = {isa = PBXBuildFile; fileRef = BE743BAA1DA8F9F6002AC282 /* property_0_1.png */; };
		BE743BD61DA8F9F6002AC282 /* property_1_0.png in Resources */ = {isa = PBXBuildFile; fileRef = BE743BAB1DA8F9F6002AC282 /* property_1_0.png */; };
		BE743BD71DA8F9F6002AC282 /* property_1_1.png in Resources */ = {isa = PBXBuildFile; fileRef = BE743BAC1DA8F9F6002AC282 /* property_1_1.png */; };
		BE743BD81DA8F9F6002AC282 /* property_2_0.png in Resources */ = {isa = PBXBuildFile; fileRef = BE743BAD1DA8F9F6002AC282 /* property_2_0.png */; };
		BE743BD91DA8F9F6002AC282 /* property_2_1.png in Resources */ = {isa = PBXBuildFile; fileRef = BE743BAE1DA8F9F6002AC282 /* property_2_1.png */; };
		BE743BDA1DA8F9F6002AC282 /* sign.png in Resources */ = {isa = PBXBuildFile; fileRef = BE743BAF1DA8F9F6002AC282 /* sign.png */; };
/* End PBXBuildFile section */

/* Begin PBXContainerItemProxy section */
		323426E91D8597D400A610CD /* PBXContainerItemProxy */ = {
			isa = PBXContainerItemProxy;
			containerPortal = 323426CC1D8597D300A610CD /* Project object */;
			proxyType = 1;
			remoteGlobalIDString = 323426D31D8597D400A610CD;
			remoteInfo = Oneboyonegirl;
		};
		323426F41D8597D400A610CD /* PBXContainerItemProxy */ = {
			isa = PBXContainerItemProxy;
			containerPortal = 323426CC1D8597D300A610CD /* Project object */;
			proxyType = 1;
			remoteGlobalIDString = 323426D31D8597D400A610CD;
			remoteInfo = Oneboyonegirl;
		};
/* End PBXContainerItemProxy section */

/* Begin PBXFileReference section */
		323426D41D8597D400A610CD /* Oneboyonegirl.app */ = {isa = PBXFileReference; explicitFileType = wrapper.application; includeInIndex = 0; path = Oneboyonegirl.app; sourceTree = BUILT_PRODUCTS_DIR; };
		323426D71D8597D400A610CD /* AppDelegate.swift */ = {isa = PBXFileReference; lastKnownFileType = sourcecode.swift; path = AppDelegate.swift; sourceTree = "<group>"; };
		323426D91D8597D400A610CD /* ViewController.swift */ = {isa = PBXFileReference; lastKnownFileType = sourcecode.swift; path = ViewController.swift; sourceTree = "<group>"; };
		323426DC1D8597D400A610CD /* Base */ = {isa = PBXFileReference; lastKnownFileType = file.storyboard; name = Base; path = Base.lproj/Main.storyboard; sourceTree = "<group>"; };
		323426DE1D8597D400A610CD /* Assets.xcassets */ = {isa = PBXFileReference; lastKnownFileType = folder.assetcatalog; path = Assets.xcassets; sourceTree = "<group>"; };
		323426E11D8597D400A610CD /* Base */ = {isa = PBXFileReference; lastKnownFileType = file.storyboard; name = Base; path = Base.lproj/LaunchScreen.storyboard; sourceTree = "<group>"; };
		323426E31D8597D400A610CD /* Info.plist */ = {isa = PBXFileReference; lastKnownFileType = text.plist.xml; path = Info.plist; sourceTree = "<group>"; };
		323426E81D8597D400A610CD /* OneboyonegirlTests.xctest */ = {isa = PBXFileReference; explicitFileType = wrapper.cfbundle; includeInIndex = 0; path = OneboyonegirlTests.xctest; sourceTree = BUILT_PRODUCTS_DIR; };
		323426EC1D8597D400A610CD /* OneboyonegirlTests.swift */ = {isa = PBXFileReference; lastKnownFileType = sourcecode.swift; path = OneboyonegirlTests.swift; sourceTree = "<group>"; };
		323426EE1D8597D400A610CD /* Info.plist */ = {isa = PBXFileReference; lastKnownFileType = text.plist.xml; path = Info.plist; sourceTree = "<group>"; };
		323426F31D8597D400A610CD /* OneboyonegirlUITests.xctest */ = {isa = PBXFileReference; explicitFileType = wrapper.cfbundle; includeInIndex = 0; path = OneboyonegirlUITests.xctest; sourceTree = BUILT_PRODUCTS_DIR; };
		323426F71D8597D400A610CD /* OneboyonegirlUITests.swift */ = {isa = PBXFileReference; lastKnownFileType = sourcecode.swift; path = OneboyonegirlUITests.swift; sourceTree = "<group>"; };
		323426F91D8597D400A610CD /* Info.plist */ = {isa = PBXFileReference; lastKnownFileType = text.plist.xml; path = Info.plist; sourceTree = "<group>"; };
		3270126F1D8EEA5D00AF55E7 /* HistoryCell.swift */ = {isa = PBXFileReference; fileEncoding = 4; lastKnownFileType = sourcecode.swift; path = HistoryCell.swift; sourceTree = "<group>"; };
		32B505861D85ACAB0096F85A /* HistoryTVC.swift */ = {isa = PBXFileReference; fileEncoding = 4; lastKnownFileType = sourcecode.swift; path = HistoryTVC.swift; sourceTree = "<group>"; };
		BE743B801DA8F9F6002AC282 /* 2.png */ = {isa = PBXFileReference; lastKnownFileType = image.png; path = 2.png; sourceTree = "<group>"; };
		BE743B811DA8F9F6002AC282 /* 3.png */ = {isa = PBXFileReference; lastKnownFileType = image.png; path = 3.png; sourceTree = "<group>"; };
		BE743B821DA8F9F6002AC282 /* 4-2.png */ = {isa = PBXFileReference; lastKnownFileType = image.png; path = "4-2.png"; sourceTree = "<group>"; };
		BE743B831DA8F9F6002AC282 /* 4.png */ = {isa = PBXFileReference; lastKnownFileType = image.png; path = 4.png; sourceTree = "<group>"; };
		BE743B841DA8F9F6002AC282 /* color.txt */ = {isa = PBXFileReference; fileEncoding = 4; lastKnownFileType = text; path = color.txt; sourceTree = "<group>"; };
		BE743B871DA8F9F6002AC282 /* back.png */ = {isa = PBXFileReference; lastKnownFileType = image.png; path = back.png; sourceTree = "<group>"; };
		BE743B881DA8F9F6002AC282 /* boy.png */ = {isa = PBXFileReference; lastKnownFileType = image.png; path = boy.png; sourceTree = "<group>"; };
		BE743B891DA8F9F6002AC282 /* girl.png */ = {isa = PBXFileReference; lastKnownFileType = image.png; path = girl.png; sourceTree = "<group>"; };
		BE743B8B1DA8F9F6002AC282 /* button_heart.png */ = {isa = PBXFileReference; lastKnownFileType = image.png; path = button_heart.png; sourceTree = "<group>"; };
		BE743B8C1DA8F9F6002AC282 /* line_0.png */ = {isa = PBXFileReference; lastKnownFileType = image.png; path = line_0.png; sourceTree = "<group>"; };
		BE743B8D1DA8F9F6002AC282 /* line_1.png */ = {isa = PBXFileReference; lastKnownFileType = image.png; path = line_1.png; sourceTree = "<group>"; };
		BE743B8E1DA8F9F6002AC282 /* line_2.png */ = {isa = PBXFileReference; lastKnownFileType = image.png; path = line_2.png; sourceTree = "<group>"; };
		BE743B8F1DA8F9F6002AC282 /* line_3.png */ = {isa = PBXFileReference; lastKnownFileType = image.png; path = line_3.png; sourceTree = "<group>"; };
		BE743B901DA8F9F6002AC282 /* rect_0.png */ = {isa = PBXFileReference; lastKnownFileType = image.png; path = rect_0.png; sourceTree = "<group>"; };
		BE743B911DA8F9F6002AC282 /* rect_1.png */ = {isa = PBXFileReference; lastKnownFileType = image.png; path = rect_1.png; sourceTree = "<group>"; };
		BE743B921DA8F9F6002AC282 /* rect_2.png */ = {isa = PBXFileReference; lastKnownFileType = image.png; path = rect_2.png; sourceTree = "<group>"; };
		BE743B931DA8F9F6002AC282 /* rect_3.png */ = {isa = PBXFileReference; lastKnownFileType = image.png; path = rect_3.png; sourceTree = "<group>"; };
		BE743B951DA8F9F6002AC282 /* boy.png */ = {isa = PBXFileReference; lastKnownFileType = image.png; path = boy.png; sourceTree = "<group>"; };
		BE743B961DA8F9F6002AC282 /* girl.png */ = {isa = PBXFileReference; lastKnownFileType = image.png; path = girl.png; sourceTree = "<group>"; };
		BE743B971DA8F9F6002AC282 /* heart_0.png */ = {isa = PBXFileReference; lastKnownFileType = image.png; path = heart_0.png; sourceTree = "<group>"; };
		BE743B981DA8F9F6002AC282 /* heart_1.png */ = {isa = PBXFileReference; lastKnownFileType = image.png; path = heart_1.png; sourceTree = "<group>"; };
		BE743B991DA8F9F6002AC282 /* heart_10.png */ = {isa = PBXFileReference; lastKnownFileType = image.png; path = heart_10.png; sourceTree = "<group>"; };
		BE743B9A1DA8F9F6002AC282 /* heart_2.png */ = {isa = PBXFileReference; lastKnownFileType = image.png; path = heart_2.png; sourceTree = "<group>"; };
		BE743B9B1DA8F9F6002AC282 /* heart_3.png */ = {isa = PBXFileReference; lastKnownFileType = image.png; path = heart_3.png; sourceTree = "<group>"; };
		BE743B9C1DA8F9F6002AC282 /* heart_4.png */ = {isa = PBXFileReference; lastKnownFileType = image.png; path = heart_4.png; sourceTree = "<group>"; };
		BE743B9D1DA8F9F6002AC282 /* heart_5.png */ = {isa = PBXFileReference; lastKnownFileType = image.png; path = heart_5.png; sourceTree = "<group>"; };
		BE743B9E1DA8F9F6002AC282 /* heart_6.png */ = {isa = PBXFileReference; lastKnownFileType = image.png; path = heart_6.png; sourceTree = "<group>"; };
		BE743B9F1DA8F9F6002AC282 /* heart_7.png */ = {isa = PBXFileReference; lastKnownFileType = image.png; path = heart_7.png; sourceTree = "<group>"; };
		BE743BA01DA8F9F6002AC282 /* heart_8.png */ = {isa = PBXFileReference; lastKnownFileType = image.png; path = heart_8.png; sourceTree = "<group>"; };
		BE743BA11DA8F9F6002AC282 /* heart_9.png */ = {isa = PBXFileReference; lastKnownFileType = image.png; path = heart_9.png; sourceTree = "<group>"; };
		BE743BA21DA8F9F6002AC282 /* icon_share_0.png */ = {isa = PBXFileReference; lastKnownFileType = image.png; path = icon_share_0.png; sourceTree = "<group>"; };
		BE743BA31DA8F9F6002AC282 /* icon_share_1.png */ = {isa = PBXFileReference; lastKnownFileType = image.png; path = icon_share_1.png; sourceTree = "<group>"; };
		BE743BA41DA8F9F6002AC282 /* mail_back.png */ = {isa = PBXFileReference; lastKnownFileType = image.png; path = mail_back.png; sourceTree = "<group>"; };
		BE743BA51DA8F9F6002AC282 /* mail_front.png */ = {isa = PBXFileReference; lastKnownFileType = image.png; path = mail_front.png; sourceTree = "<group>"; };
		BE743BA61DA8F9F6002AC282 /* mail_middle.png */ = {isa = PBXFileReference; lastKnownFileType = image.png; path = mail_middle.png; sourceTree = "<group>"; };
		BE743BA71DA8F9F6002AC282 /* paper_back.png */ = {isa = PBXFileReference; lastKnownFileType = image.png; path = paper_back.png; sourceTree = "<group>"; };
		BE743BA91DA8F9F6002AC282 /* property_0_0.png */ = {isa = PBXFileReference; lastKnownFileType = image.png; path = property_0_0.png; sourceTree = "<group>"; };
		BE743BAA1DA8F9F6002AC282 /* property_0_1.png */ = {isa = PBXFileReference; lastKnownFileType = image.png; path = property_0_1.png; sourceTree = "<group>"; };
		BE743BAB1DA8F9F6002AC282 /* property_1_0.png */ = {isa = PBXFileReference; lastKnownFileType = image.png; path = property_1_0.png; sourceTree = "<group>"; };
		BE743BAC1DA8F9F6002AC282 /* property_1_1.png */ = {isa = PBXFileReference; lastKnownFileType = image.png; path = property_1_1.png; sourceTree = "<group>"; };
		BE743BAD1DA8F9F6002AC282 /* property_2_0.png */ = {isa = PBXFileReference; lastKnownFileType = image.png; path = property_2_0.png; sourceTree = "<group>"; };
		BE743BAE1DA8F9F6002AC282 /* property_2_1.png */ = {isa = PBXFileReference; lastKnownFileType = image.png; path = property_2_1.png; sourceTree = "<group>"; };
		BE743BAF1DA8F9F6002AC282 /* sign.png */ = {isa = PBXFileReference; lastKnownFileType = image.png; path = sign.png; sourceTree = "<group>"; };
/* End PBXFileReference section */

/* Begin PBXFrameworksBuildPhase section */
		323426D11D8597D400A610CD /* Frameworks */ = {
			isa = PBXFrameworksBuildPhase;
			buildActionMask = 2147483647;
			files = (
			);
			runOnlyForDeploymentPostprocessing = 0;
		};
		323426E51D8597D400A610CD /* Frameworks */ = {
			isa = PBXFrameworksBuildPhase;
			buildActionMask = 2147483647;
			files = (
			);
			runOnlyForDeploymentPostprocessing = 0;
		};
		323426F01D8597D400A610CD /* Frameworks */ = {
			isa = PBXFrameworksBuildPhase;
			buildActionMask = 2147483647;
			files = (
			);
			runOnlyForDeploymentPostprocessing = 0;
		};
/* End PBXFrameworksBuildPhase section */

/* Begin PBXGroup section */
		323426CB1D8597D300A610CD = {
			isa = PBXGroup;
			children = (
				323426D61D8597D400A610CD /* Oneboyonegirl */,
				323426EB1D8597D400A610CD /* OneboyonegirlTests */,
				323426F61D8597D400A610CD /* OneboyonegirlUITests */,
				323426D51D8597D400A610CD /* Products */,
			);
			sourceTree = "<group>";
		};
		323426D51D8597D400A610CD /* Products */ = {
			isa = PBXGroup;
			children = (
				323426D41D8597D400A610CD /* Oneboyonegirl.app */,
				323426E81D8597D400A610CD /* OneboyonegirlTests.xctest */,
				323426F31D8597D400A610CD /* OneboyonegirlUITests.xctest */,
			);
			name = Products;
			sourceTree = "<group>";
		};
		323426D61D8597D400A610CD /* Oneboyonegirl */ = {
			isa = PBXGroup;
			children = (
				323426D91D8597D400A610CD /* ViewController.swift */,
				32B505861D85ACAB0096F85A /* HistoryTVC.swift */,
				3270126F1D8EEA5D00AF55E7 /* HistoryCell.swift */,
				323426DB1D8597D400A610CD /* Main.storyboard */,
				BE743B7F1DA8F9F6002AC282 /* resours */,
				323427051D8597F200A610CD /* supportingFiles */,
			);
			path = Oneboyonegirl;
			sourceTree = "<group>";
		};
		323426EB1D8597D400A610CD /* OneboyonegirlTests */ = {
			isa = PBXGroup;
			children = (
				323426EC1D8597D400A610CD /* OneboyonegirlTests.swift */,
				323426EE1D8597D400A610CD /* Info.plist */,
			);
			path = OneboyonegirlTests;
			sourceTree = "<group>";
		};
		323426F61D8597D400A610CD /* OneboyonegirlUITests */ = {
			isa = PBXGroup;
			children = (
				323426F71D8597D400A610CD /* OneboyonegirlUITests.swift */,
				323426F91D8597D400A610CD /* Info.plist */,
			);
			path = OneboyonegirlUITests;
			sourceTree = "<group>";
		};
		323427051D8597F200A610CD /* supportingFiles */ = {
			isa = PBXGroup;
			children = (
				323426D71D8597D400A610CD /* AppDelegate.swift */,
				323426DE1D8597D400A610CD /* Assets.xcassets */,
				323426E01D8597D400A610CD /* LaunchScreen.storyboard */,
				323426E31D8597D400A610CD /* Info.plist */,
			);
			name = supportingFiles;
			sourceTree = "<group>";
		};
		BE743B7F1DA8F9F6002AC282 /* resours */ = {
			isa = PBXGroup;
			children = (
				BE743B801DA8F9F6002AC282 /* 2.png */,
				BE743B811DA8F9F6002AC282 /* 3.png */,
				BE743B821DA8F9F6002AC282 /* 4-2.png */,
				BE743B831DA8F9F6002AC282 /* 4.png */,
				BE743B841DA8F9F6002AC282 /* color.txt */,
				BE743B851DA8F9F6002AC282 /* res */,
			);
			path = resours;
			sourceTree = "<group>";
		};
		BE743B851DA8F9F6002AC282 /* res */ = {
			isa = PBXGroup;
			children = (
				BE743B861DA8F9F6002AC282 /* headshot */,
				BE743B8A1DA8F9F6002AC282 /* homepage */,
				BE743B941DA8F9F6002AC282 /* result */,
			);
			path = res;
			sourceTree = "<group>";
		};
		BE743B861DA8F9F6002AC282 /* headshot */ = {
			isa = PBXGroup;
			children = (
				BE743B871DA8F9F6002AC282 /* back.png */,
				BE743B881DA8F9F6002AC282 /* boy.png */,
				BE743B891DA8F9F6002AC282 /* girl.png */,
			);
			path = headshot;
			sourceTree = "<group>";
		};
		BE743B8A1DA8F9F6002AC282 /* homepage */ = {
			isa = PBXGroup;
			children = (
				BE743B8B1DA8F9F6002AC282 /* button_heart.png */,
				BE743B8C1DA8F9F6002AC282 /* line_0.png */,
				BE743B8D1DA8F9F6002AC282 /* line_1.png */,
				BE743B8E1DA8F9F6002AC282 /* line_2.png */,
				BE743B8F1DA8F9F6002AC282 /* line_3.png */,
				BE743B901DA8F9F6002AC282 /* rect_0.png */,
				BE743B911DA8F9F6002AC282 /* rect_1.png */,
				BE743B921DA8F9F6002AC282 /* rect_2.png */,
				BE743B931DA8F9F6002AC282 /* rect_3.png */,
			);
			path = homepage;
			sourceTree = "<group>";
		};
		BE743B941DA8F9F6002AC282 /* result */ = {
			isa = PBXGroup;
			children = (
				BE743B951DA8F9F6002AC282 /* boy.png */,
				BE743B961DA8F9F6002AC282 /* girl.png */,
				BE743B971DA8F9F6002AC282 /* heart_0.png */,
				BE743B981DA8F9F6002AC282 /* heart_1.png */,
				BE743B991DA8F9F6002AC282 /* heart_10.png */,
				BE743B9A1DA8F9F6002AC282 /* heart_2.png */,
				BE743B9B1DA8F9F6002AC282 /* heart_3.png */,
				BE743B9C1DA8F9F6002AC282 /* heart_4.png */,
				BE743B9D1DA8F9F6002AC282 /* heart_5.png */,
				BE743B9E1DA8F9F6002AC282 /* heart_6.png */,
				BE743B9F1DA8F9F6002AC282 /* heart_7.png */,
				BE743BA01DA8F9F6002AC282 /* heart_8.png */,
				BE743BA11DA8F9F6002AC282 /* heart_9.png */,
				BE743BA21DA8F9F6002AC282 /* icon_share_0.png */,
				BE743BA31DA8F9F6002AC282 /* icon_share_1.png */,
				BE743BA41DA8F9F6002AC282 /* mail_back.png */,
				BE743BA51DA8F9F6002AC282 /* mail_front.png */,
				BE743BA61DA8F9F6002AC282 /* mail_middle.png */,
				BE743BA71DA8F9F6002AC282 /* paper_back.png */,
				BE743BA81DA8F9F6002AC282 /* property */,
				BE743BAF1DA8F9F6002AC282 /* sign.png */,
			);
			path = result;
			sourceTree = "<group>";
		};
		BE743BA81DA8F9F6002AC282 /* property */ = {
			isa = PBXGroup;
			children = (
				BE743BA91DA8F9F6002AC282 /* property_0_0.png */,
				BE743BAA1DA8F9F6002AC282 /* property_0_1.png */,
				BE743BAB1DA8F9F6002AC282 /* property_1_0.png */,
				BE743BAC1DA8F9F6002AC282 /* property_1_1.png */,
				BE743BAD1DA8F9F6002AC282 /* property_2_0.png */,
				BE743BAE1DA8F9F6002AC282 /* property_2_1.png */,
			);
			path = property;
			sourceTree = "<group>";
		};
/* End PBXGroup section */

/* Begin PBXNativeTarget section */
		323426D31D8597D400A610CD /* Oneboyonegirl */ = {
			isa = PBXNativeTarget;
			buildConfigurationList = 323426FC1D8597D400A610CD /* Build configuration list for PBXNativeTarget "Oneboyonegirl" */;
			buildPhases = (
				323426D01D8597D400A610CD /* Sources */,
				323426D11D8597D400A610CD /* Frameworks */,
				323426D21D8597D400A610CD /* Resources */,
			);
			buildRules = (
			);
			dependencies = (
			);
			name = Oneboyonegirl;
			productName = Oneboyonegirl;
			productReference = 323426D41D8597D400A610CD /* Oneboyonegirl.app */;
			productType = "com.apple.product-type.application";
		};
		323426E71D8597D400A610CD /* OneboyonegirlTests */ = {
			isa = PBXNativeTarget;
			buildConfigurationList = 323426FF1D8597D400A610CD /* Build configuration list for PBXNativeTarget "OneboyonegirlTests" */;
			buildPhases = (
				323426E41D8597D400A610CD /* Sources */,
				323426E51D8597D400A610CD /* Frameworks */,
				323426E61D8597D400A610CD /* Resources */,
			);
			buildRules = (
			);
			dependencies = (
				323426EA1D8597D400A610CD /* PBXTargetDependency */,
			);
			name = OneboyonegirlTests;
			productName = OneboyonegirlTests;
			productReference = 323426E81D8597D400A610CD /* OneboyonegirlTests.xctest */;
			productType = "com.apple.product-type.bundle.unit-test";
		};
		323426F21D8597D400A610CD /* OneboyonegirlUITests */ = {
			isa = PBXNativeTarget;
			buildConfigurationList = 323427021D8597D400A610CD /* Build configuration list for PBXNativeTarget "OneboyonegirlUITests" */;
			buildPhases = (
				323426EF1D8597D400A610CD /* Sources */,
				323426F01D8597D400A610CD /* Frameworks */,
				323426F11D8597D400A610CD /* Resources */,
			);
			buildRules = (
			);
			dependencies = (
				323426F51D8597D400A610CD /* PBXTargetDependency */,
			);
			name = OneboyonegirlUITests;
			productName = OneboyonegirlUITests;
			productReference = 323426F31D8597D400A610CD /* OneboyonegirlUITests.xctest */;
			productType = "com.apple.product-type.bundle.ui-testing";
		};
/* End PBXNativeTarget section */

/* Begin PBXProject section */
		323426CC1D8597D300A610CD /* Project object */ = {
			isa = PBXProject;
			attributes = {
				LastSwiftUpdateCheck = 0730;
				LastUpgradeCheck = 0800;
				ORGANIZATIONNAME = YiGan;
				TargetAttributes = {
					323426D31D8597D400A610CD = {
						CreatedOnToolsVersion = 7.3.1;
						DevelopmentTeam = NWGF84NL9Q;
						LastSwiftMigration = 0800;
					};
					323426E71D8597D400A610CD = {
						CreatedOnToolsVersion = 7.3.1;
						LastSwiftMigration = 0800;
						TestTargetID = 323426D31D8597D400A610CD;
					};
					323426F21D8597D400A610CD = {
						CreatedOnToolsVersion = 7.3.1;
						LastSwiftMigration = 0800;
						TestTargetID = 323426D31D8597D400A610CD;
					};
				};
			};
			buildConfigurationList = 323426CF1D8597D300A610CD /* Build configuration list for PBXProject "Oneboyonegirl" */;
			compatibilityVersion = "Xcode 3.2";
			developmentRegion = English;
			hasScannedForEncodings = 0;
			knownRegions = (
				en,
				Base,
			);
			mainGroup = 323426CB1D8597D300A610CD;
			productRefGroup = 323426D51D8597D400A610CD /* Products */;
			projectDirPath = "";
			projectRoot = "";
			targets = (
				323426D31D8597D400A610CD /* Oneboyonegirl */,
				323426E71D8597D400A610CD /* OneboyonegirlTests */,
				323426F21D8597D400A610CD /* OneboyonegirlUITests */,
			);
		};
/* End PBXProject section */

/* Begin PBXResourcesBuildPhase section */
		323426D21D8597D400A610CD /* Resources */ = {
			isa = PBXResourcesBuildPhase;
			buildActionMask = 2147483647;
			files = (
				BE743BC71DA8F9F6002AC282 /* heart_3.png in Resources */,
				BE743BBB1DA8F9F6002AC282 /* line_2.png in Resources */,
				BE743BC31DA8F9F6002AC282 /* heart_0.png in Resources */,
				BE743BD01DA8F9F6002AC282 /* mail_back.png in Resources */,
				BE743BBD1DA8F9F6002AC282 /* rect_0.png in Resources */,
				BE743BCF1DA8F9F6002AC282 /* icon_share_1.png in Resources */,
				BE743BB11DA8F9F6002AC282 /* 3.png in Resources */,
				BE743BC91DA8F9F6002AC282 /* heart_5.png in Resources */,
				BE743BB31DA8F9F6002AC282 /* 4.png in Resources */,
				BE743BB51DA8F9F6002AC282 /* back.png in Resources */,
				BE743BD31DA8F9F6002AC282 /* paper_back.png in Resources */,
				BE743BD51DA8F9F6002AC282 /* property_0_1.png in Resources */,
				BE743BC01DA8F9F6002AC282 /* rect_3.png in Resources */,
				BE743BCC1DA8F9F6002AC282 /* heart_8.png in Resources */,
				BE743BBA1DA8F9F6002AC282 /* line_1.png in Resources */,
				BE743BD71DA8F9F6002AC282 /* property_1_1.png in Resources */,
				BE743BD41DA8F9F6002AC282 /* property_0_0.png in Resources */,
				323426E21D8597D400A610CD /* LaunchScreen.storyboard in Resources */,
				323426DF1D8597D400A610CD /* Assets.xcassets in Resources */,
				BE743BBF1DA8F9F6002AC282 /* rect_2.png in Resources */,
				BE743BC61DA8F9F6002AC282 /* heart_2.png in Resources */,
				BE743BBC1DA8F9F6002AC282 /* line_3.png in Resources */,
				BE743BBE1DA8F9F6002AC282 /* rect_1.png in Resources */,
				BE743BB21DA8F9F6002AC282 /* 4-2.png in Resources */,
				BE743BD91DA8F9F6002AC282 /* property_2_1.png in Resources */,
				BE743BB71DA8F9F6002AC282 /* girl.png in Resources */,
				BE743BB61DA8F9F6002AC282 /* boy.png in Resources */,
				BE743BB01DA8F9F6002AC282 /* 2.png in Resources */,
				BE743BC51DA8F9F6002AC282 /* heart_10.png in Resources */,
				BE743BB41DA8F9F6002AC282 /* color.txt in Resources */,
				BE743BD21DA8F9F6002AC282 /* mail_middle.png in Resources */,
				BE743BC41DA8F9F6002AC282 /* heart_1.png in Resources */,
				BE743BCD1DA8F9F6002AC282 /* heart_9.png in Resources */,
				BE743BD81DA8F9F6002AC282 /* property_2_0.png in Resources */,
				BE743BC21DA8F9F6002AC282 /* girl.png in Resources */,
				BE743BB81DA8F9F6002AC282 /* button_heart.png in Resources */,
				BE743BD61DA8F9F6002AC282 /* property_1_0.png in Resources */,
				BE743BCE1DA8F9F6002AC282 /* icon_share_0.png in Resources */,
				BE743BDA1DA8F9F6002AC282 /* sign.png in Resources */,
				BE743BC11DA8F9F6002AC282 /* boy.png in Resources */,
				BE743BD11DA8F9F6002AC282 /* mail_front.png in Resources */,
				BE743BC81DA8F9F6002AC282 /* heart_4.png in Resources */,
				BE743BCA1DA8F9F6002AC282 /* heart_6.png in Resources */,
				BE743BCB1DA8F9F6002AC282 /* heart_7.png in Resources */,
				BE743BB91DA8F9F6002AC282 /* line_0.png in Resources */,
				323426DD1D8597D400A610CD /* Main.storyboard in Resources */,
			);
			runOnlyForDeploymentPostprocessing = 0;
		};
		323426E61D8597D400A610CD /* Resources */ = {
			isa = PBXResourcesBuildPhase;
			buildActionMask = 2147483647;
			files = (
			);
			runOnlyForDeploymentPostprocessing = 0;
		};
		323426F11D8597D400A610CD /* Resources */ = {
			isa = PBXResourcesBuildPhase;
			buildActionMask = 2147483647;
			files = (
			);
			runOnlyForDeploymentPostprocessing = 0;
		};
/* End PBXResourcesBuildPhase section */

/* Begin PBXSourcesBuildPhase section */
		323426D01D8597D400A610CD /* Sources */ = {
			isa = PBXSourcesBuildPhase;
			buildActionMask = 2147483647;
			files = (
				32B505871D85ACAB0096F85A /* HistoryTVC.swift in Sources */,
				323426DA1D8597D400A610CD /* ViewController.swift in Sources */,
				327012701D8EEA5D00AF55E7 /* HistoryCell.swift in Sources */,
				323426D81D8597D400A610CD /* AppDelegate.swift in Sources */,
			);
			runOnlyForDeploymentPostprocessing = 0;
		};
		323426E41D8597D400A610CD /* Sources */ = {
			isa = PBXSourcesBuildPhase;
			buildActionMask = 2147483647;
			files = (
				323426ED1D8597D400A610CD /* OneboyonegirlTests.swift in Sources */,
			);
			runOnlyForDeploymentPostprocessing = 0;
		};
		323426EF1D8597D400A610CD /* Sources */ = {
			isa = PBXSourcesBuildPhase;
			buildActionMask = 2147483647;
			files = (
				323426F81D8597D400A610CD /* OneboyonegirlUITests.swift in Sources */,
			);
			runOnlyForDeploymentPostprocessing = 0;
		};
/* End PBXSourcesBuildPhase section */

/* Begin PBXTargetDependency section */
		323426EA1D8597D400A610CD /* PBXTargetDependency */ = {
			isa = PBXTargetDependency;
			target = 323426D31D8597D400A610CD /* Oneboyonegirl */;
			targetProxy = 323426E91D8597D400A610CD /* PBXContainerItemProxy */;
		};
		323426F51D8597D400A610CD /* PBXTargetDependency */ = {
			isa = PBXTargetDependency;
			target = 323426D31D8597D400A610CD /* Oneboyonegirl */;
			targetProxy = 323426F41D8597D400A610CD /* PBXContainerItemProxy */;
		};
/* End PBXTargetDependency section */

/* Begin PBXVariantGroup section */
		323426DB1D8597D400A610CD /* Main.storyboard */ = {
			isa = PBXVariantGroup;
			children = (
				323426DC1D8597D400A610CD /* Base */,
			);
			name = Main.storyboard;
			sourceTree = "<group>";
		};
		323426E01D8597D400A610CD /* LaunchScreen.storyboard */ = {
			isa = PBXVariantGroup;
			children = (
				323426E11D8597D400A610CD /* Base */,
			);
			name = LaunchScreen.storyboard;
			sourceTree = "<group>";
		};
/* End PBXVariantGroup section */

/* Begin XCBuildConfiguration section */
		323426FA1D8597D400A610CD /* Debug */ = {
			isa = XCBuildConfiguration;
			buildSettings = {
				ALWAYS_SEARCH_USER_PATHS = NO;
				CLANG_ANALYZER_NONNULL = YES;
				CLANG_CXX_LANGUAGE_STANDARD = "gnu++0x";
				CLANG_CXX_LIBRARY = "libc++";
				CLANG_ENABLE_MODULES = YES;
				CLANG_ENABLE_OBJC_ARC = YES;
				CLANG_WARN_BOOL_CONVERSION = YES;
				CLANG_WARN_CONSTANT_CONVERSION = YES;
				CLANG_WARN_DIRECT_OBJC_ISA_USAGE = YES_ERROR;
				CLANG_WARN_EMPTY_BODY = YES;
				CLANG_WARN_ENUM_CONVERSION = YES;
				CLANG_WARN_INFINITE_RECURSION = YES;
				CLANG_WARN_INT_CONVERSION = YES;
				CLANG_WARN_OBJC_ROOT_CLASS = YES_ERROR;
				CLANG_WARN_SUSPICIOUS_MOVE = YES;
				CLANG_WARN_UNREACHABLE_CODE = YES;
				CLANG_WARN__DUPLICATE_METHOD_MATCH = YES;
				"CODE_SIGN_IDENTITY[sdk=iphoneos*]" = "iPhone Developer";
				COPY_PHASE_STRIP = NO;
				DEBUG_INFORMATION_FORMAT = dwarf;
				ENABLE_STRICT_OBJC_MSGSEND = YES;
				ENABLE_TESTABILITY = YES;
				GCC_C_LANGUAGE_STANDARD = gnu99;
				GCC_DYNAMIC_NO_PIC = NO;
				GCC_NO_COMMON_BLOCKS = YES;
				GCC_OPTIMIZATION_LEVEL = 0;
				GCC_PREPROCESSOR_DEFINITIONS = (
					"DEBUG=1",
					"$(inherited)",
				);
				GCC_WARN_64_TO_32_BIT_CONVERSION = YES;
				GCC_WARN_ABOUT_RETURN_TYPE = YES_ERROR;
				GCC_WARN_UNDECLARED_SELECTOR = YES;
				GCC_WARN_UNINITIALIZED_AUTOS = YES_AGGRESSIVE;
				GCC_WARN_UNUSED_FUNCTION = YES;
				GCC_WARN_UNUSED_VARIABLE = YES;
				IPHONEOS_DEPLOYMENT_TARGET = 9.3;
				MTL_ENABLE_DEBUG_INFO = YES;
				ONLY_ACTIVE_ARCH = YES;
				SDKROOT = iphoneos;
				SWIFT_OPTIMIZATION_LEVEL = "-Onone";
				TARGETED_DEVICE_FAMILY = "1,2";
			};
			name = Debug;
		};
		323426FB1D8597D400A610CD /* Release */ = {
			isa = XCBuildConfiguration;
			buildSettings = {
				ALWAYS_SEARCH_USER_PATHS = NO;
				CLANG_ANALYZER_NONNULL = YES;
				CLANG_CXX_LANGUAGE_STANDARD = "gnu++0x";
				CLANG_CXX_LIBRARY = "libc++";
				CLANG_ENABLE_MODULES = YES;
				CLANG_ENABLE_OBJC_ARC = YES;
				CLANG_WARN_BOOL_CONVERSION = YES;
				CLANG_WARN_CONSTANT_CONVERSION = YES;
				CLANG_WARN_DIRECT_OBJC_ISA_USAGE = YES_ERROR;
				CLANG_WARN_EMPTY_BODY = YES;
				CLANG_WARN_ENUM_CONVERSION = YES;
				CLANG_WARN_INFINITE_RECURSION = YES;
				CLANG_WARN_INT_CONVERSION = YES;
				CLANG_WARN_OBJC_ROOT_CLASS = YES_ERROR;
				CLANG_WARN_SUSPICIOUS_MOVE = YES;
				CLANG_WARN_UNREACHABLE_CODE = YES;
				CLANG_WARN__DUPLICATE_METHOD_MATCH = YES;
				"CODE_SIGN_IDENTITY[sdk=iphoneos*]" = "iPhone Developer";
				COPY_PHASE_STRIP = NO;
				DEBUG_INFORMATION_FORMAT = "dwarf-with-dsym";
				ENABLE_NS_ASSERTIONS = NO;
				ENABLE_STRICT_OBJC_MSGSEND = YES;
				GCC_C_LANGUAGE_STANDARD = gnu99;
				GCC_NO_COMMON_BLOCKS = YES;
				GCC_WARN_64_TO_32_BIT_CONVERSION = YES;
				GCC_WARN_ABOUT_RETURN_TYPE = YES_ERROR;
				GCC_WARN_UNDECLARED_SELECTOR = YES;
				GCC_WARN_UNINITIALIZED_AUTOS = YES_AGGRESSIVE;
				GCC_WARN_UNUSED_FUNCTION = YES;
				GCC_WARN_UNUSED_VARIABLE = YES;
				IPHONEOS_DEPLOYMENT_TARGET = 9.3;
				MTL_ENABLE_DEBUG_INFO = NO;
				SDKROOT = iphoneos;
				SWIFT_OPTIMIZATION_LEVEL = "-Owholemodule";
				TARGETED_DEVICE_FAMILY = "1,2";
				VALIDATE_PRODUCT = YES;
			};
			name = Release;
		};
		323426FD1D8597D400A610CD /* Debug */ = {
			isa = XCBuildConfiguration;
			buildSettings = {
				ASSETCATALOG_COMPILER_APPICON_NAME = AppIcon;
				CLANG_ENABLE_MODULES = YES;
				CODE_SIGN_IDENTITY = "iPhone Developer";
				DEVELOPMENT_TEAM = NWGF84NL9Q;
				INFOPLIST_FILE = Oneboyonegirl/Info.plist;
				IPHONEOS_DEPLOYMENT_TARGET = 9.0;
				LD_RUNPATH_SEARCH_PATHS = "$(inherited) @executable_path/Frameworks";
				PRODUCT_BUNDLE_IDENTIFIER = com.orangebrush.Oneboyonegirl;
				PRODUCT_NAME = "$(TARGET_NAME)";
				SWIFT_OBJC_BRIDGING_HEADER = "Oneboyonegirl/Oneboyonegirl-Bridging-Header.h";
				SWIFT_OPTIMIZATION_LEVEL = "-Onone";
				SWIFT_VERSION = 3.0;
			};
			name = Debug;
		};
		323426FE1D8597D400A610CD /* Release */ = {
			isa = XCBuildConfiguration;
			buildSettings = {
				ASSETCATALOG_COMPILER_APPICON_NAME = AppIcon;
				CLANG_ENABLE_MODULES = YES;
				CODE_SIGN_IDENTITY = "iPhone Developer";
				DEVELOPMENT_TEAM = NWGF84NL9Q;
				INFOPLIST_FILE = Oneboyonegirl/Info.plist;
				IPHONEOS_DEPLOYMENT_TARGET = 9.0;
				LD_RUNPATH_SEARCH_PATHS = "$(inherited) @executable_path/Frameworks";
				PRODUCT_BUNDLE_IDENTIFIER = com.orangebrush.Oneboyonegirl;
				PRODUCT_NAME = "$(TARGET_NAME)";
				SWIFT_OBJC_BRIDGING_HEADER = "Oneboyonegirl/Oneboyonegirl-Bridging-Header.h";
				SWIFT_VERSION = 3.0;
			};
			name = Release;
		};
		323427001D8597D400A610CD /* Debug */ = {
			isa = XCBuildConfiguration;
			buildSettings = {
				BUNDLE_LOADER = "$(TEST_HOST)";
				INFOPLIST_FILE = OneboyonegirlTests/Info.plist;
				LD_RUNPATH_SEARCH_PATHS = "$(inherited) @executable_path/Frameworks @loader_path/Frameworks";
				PRODUCT_BUNDLE_IDENTIFIER = com.orangebrush.OneboyonegirlTests;
				PRODUCT_NAME = "$(TARGET_NAME)";
				SWIFT_VERSION = 3.0;
				TEST_HOST = "$(BUILT_PRODUCTS_DIR)/Oneboyonegirl.app/Oneboyonegirl";
			};
			name = Debug;
		};
		323427011D8597D400A610CD /* Release */ = {
			isa = XCBuildConfiguration;
			buildSettings = {
				BUNDLE_LOADER = "$(TEST_HOST)";
				INFOPLIST_FILE = OneboyonegirlTests/Info.plist;
				LD_RUNPATH_SEARCH_PATHS = "$(inherited) @executable_path/Frameworks @loader_path/Frameworks";
				PRODUCT_BUNDLE_IDENTIFIER = com.orangebrush.OneboyonegirlTests;
				PRODUCT_NAME = "$(TARGET_NAME)";
				SWIFT_VERSION = 3.0;
				TEST_HOST = "$(BUILT_PRODUCTS_DIR)/Oneboyonegirl.app/Oneboyonegirl";
			};
			name = Release;
		};
		323427031D8597D400A610CD /* Debug */ = {
			isa = XCBuildConfiguration;
			buildSettings = {
				INFOPLIST_FILE = OneboyonegirlUITests/Info.plist;
				LD_RUNPATH_SEARCH_PATHS = "$(inherited) @executable_path/Frameworks @loader_path/Frameworks";
				PRODUCT_BUNDLE_IDENTIFIER = com.orangebrush.OneboyonegirlUITests;
				PRODUCT_NAME = "$(TARGET_NAME)";
				SWIFT_VERSION = 3.0;
				TEST_TARGET_NAME = Oneboyonegirl;
			};
			name = Debug;
		};
		323427041D8597D400A610CD /* Release */ = {
			isa = XCBuildConfiguration;
			buildSettings = {
				INFOPLIST_FILE = OneboyonegirlUITests/Info.plist;
				LD_RUNPATH_SEARCH_PATHS = "$(inherited) @executable_path/Frameworks @loader_path/Frameworks";
				PRODUCT_BUNDLE_IDENTIFIER = com.orangebrush.OneboyonegirlUITests;
				PRODUCT_NAME = "$(TARGET_NAME)";
				SWIFT_VERSION = 3.0;
				TEST_TARGET_NAME = Oneboyonegirl;
			};
			name = Release;
		};
/* End XCBuildConfiguration section */

/* Begin XCConfigurationList section */
		323426CF1D8597D300A610CD /* Build configuration list for PBXProject "Oneboyonegirl" */ = {
			isa = XCConfigurationList;
			buildConfigurations = (
				323426FA1D8597D400A610CD /* Debug */,
				323426FB1D8597D400A610CD /* Release */,
			);
			defaultConfigurationIsVisible = 0;
			defaultConfigurationName = Release;
		};
		323426FC1D8597D400A610CD /* Build configuration list for PBXNativeTarget "Oneboyonegirl" */ = {
			isa = XCConfigurationList;
			buildConfigurations = (
				323426FD1D8597D400A610CD /* Debug */,
				323426FE1D8597D400A610CD /* Release */,
			);
			defaultConfigurationIsVisible = 0;
			defaultConfigurationName = Release;
		};
		323426FF1D8597D400A610CD /* Build configuration list for PBXNativeTarget "OneboyonegirlTests" */ = {
			isa = XCConfigurationList;
			buildConfigurations = (
				323427001D8597D400A610CD /* Debug */,
				323427011D8597D400A610CD /* Release */,
			);
			defaultConfigurationIsVisible = 0;
			defaultConfigurationName = Release;
		};
		323427021D8597D400A610CD /* Build configuration list for PBXNativeTarget "OneboyonegirlUITests" */ = {
			isa = XCConfigurationList;
			buildConfigurations = (
				323427031D8597D400A610CD /* Debug */,
				323427041D8597D400A610CD /* Release */,
			);
			defaultConfigurationIsVisible = 0;
			defaultConfigurationName = Release;
		};
/* End XCConfigurationList section */
	};
	rootObject = 323426CC1D8597D300A610CD /* Project object */;
}
